{
  "name": "rn-viewpager",
  "version": "1.2.9",
  "lockfileVersion": 1,
  "requires": true,
  "dependencies": {
    "@react-native-community/viewpager": {
      "version": "3.3.0",
      "resolved": "https://registry.npmjs.org/@react-native-community/viewpager/-/viewpager-3.3.0.tgz",
      "integrity": "sha512-tyzh79l4t/hxiyS9QD3LRmWMs8KVkZzjrkQ8U8+8To1wmvVCBtp8BenvNsDLTBO7CpO/YmiThpmIdEZMr1WuVw=="
    }
  }
}
