# THIS IS AN AUTOGENERATED FILE. DO NOT EDIT THIS FILE DIRECTLY.
# yarn lockfile v1


"@react-native-community/viewpager@^1.1.7":
  version "1.1.7"
  resolved "https://registry.yarnpkg.com/@react-native-community/viewpager/-/viewpager-1.1.7.tgz#7d3b1631f1ec91145db92a8e25c80d53027e96ba"
  integrity sha512-k9v2KJtAprNPq7IZmedD2VLMePvPW+ohX3uDnkpoKritBji+/RtRmTKrdtPi3Uvp0toq/KtPttAds1dr7AZNpw==
